
Microsoft Visual Studio Solution File, Format Version 12.00
Project("{FAE04EC0-301F-11D3-BF4B-00C04F79EFBC}") = "N_01_TaskClass", "N_01_TaskClass\N_01_TaskClass.csproj", "{96F5669D-E003-424E-9F72-84AB5E41FB08}"
EndProject
Project("{FAE04EC0-301F-11D3-BF4B-00C04F79EFBC}") = "N_02_WorkWithTask", "N_02_WorkWithTask\N_02_WorkWithTask.csproj", "{1851A33E-ACCA-4A93-98EF-1CC52F3FB2B8}"
EndProject
Project("{FAE04EC0-301F-11D3-BF4B-00C04F79EFBC}") = "N_03_ContinuationTask", "N_03_ContinuationTask\N_03_ContinuationTask.csproj", "{7AEAFBD0-8FF3-4549-BC89-961A1DCEF03A}"
EndProject
Project("{FAE04EC0-301F-11D3-BF4B-00C04F79EFBC}") = "N_04_Class_Parallel", "N_04_Class_Parallel\N_04_Class_Parallel.csproj", "{432F7EA4-9E33-4C16-BBCB-091A963AA80A}"
EndProject
Global
	GlobalSection(SolutionConfigurationPlatforms) = preSolution
		Debug|Any CPU = Debug|Any CPU
		Release|Any CPU = Release|Any CPU
	EndGlobalSection
	GlobalSection(ProjectConfigurationPlatforms) = postSolution
		{96F5669D-E003-424E-9F72-84AB5E41FB08}.Debug|Any CPU.ActiveCfg = Debug|Any CPU
		{96F5669D-E003-424E-9F72-84AB5E41FB08}.Debug|Any CPU.Build.0 = Debug|Any CPU
		{96F5669D-E003-424E-9F72-84AB5E41FB08}.Release|Any CPU.ActiveCfg = Release|Any CPU
		{96F5669D-E003-424E-9F72-84AB5E41FB08}.Release|Any CPU.Build.0 = Release|Any CPU
		{1851A33E-ACCA-4A93-98EF-1CC52F3FB2B8}.Debug|Any CPU.ActiveCfg = Debug|Any CPU
		{1851A33E-ACCA-4A93-98EF-1CC52F3FB2B8}.Debug|Any CPU.Build.0 = Debug|Any CPU
		{1851A33E-ACCA-4A93-98EF-1CC52F3FB2B8}.Release|Any CPU.ActiveCfg = Release|Any CPU
		{1851A33E-ACCA-4A93-98EF-1CC52F3FB2B8}.Release|Any CPU.Build.0 = Release|Any CPU
		{7AEAFBD0-8FF3-4549-BC89-961A1DCEF03A}.Debug|Any CPU.ActiveCfg = Debug|Any CPU
		{7AEAFBD0-8FF3-4549-BC89-961A1DCEF03A}.Debug|Any CPU.Build.0 = Debug|Any CPU
		{7AEAFBD0-8FF3-4549-BC89-961A1DCEF03A}.Release|Any CPU.ActiveCfg = Release|Any CPU
		{7AEAFBD0-8FF3-4549-BC89-961A1DCEF03A}.Release|Any CPU.Build.0 = Release|Any CPU
		{432F7EA4-9E33-4C16-BBCB-091A963AA80A}.Debug|Any CPU.ActiveCfg = Debug|Any CPU
		{432F7EA4-9E33-4C16-BBCB-091A963AA80A}.Debug|Any CPU.Build.0 = Debug|Any CPU
		{432F7EA4-9E33-4C16-BBCB-091A963AA80A}.Release|Any CPU.ActiveCfg = Release|Any CPU
		{432F7EA4-9E33-4C16-BBCB-091A963AA80A}.Release|Any CPU.Build.0 = Release|Any CPU
	EndGlobalSection
EndGlobal
